// !$*UTF8*$!
{
	archiveVersion = 1;
	classes = {
	};
	objectVersion = 55;
	objects = {

/* Begin PBXBuildFile section */
		07BB575F05E5575D4A154296 /* Pods_iocApp.framework in Frameworks */ = {isa = PBXBuildFile; fileRef = 2B58981412E20C63B49CECC4 /* Pods_iocApp.framework */; };
		561A5ABE284F97530094221D /* AppDelegate.swift in Sources */ = {isa = PBXBuildFile; fileRef = 561A5ABD284F97530094221D /* AppDelegate.swift */; };
		561A5AC0284F97530094221D /* SceneDelegate.swift in Sources */ = {isa = PBXBuildFile; fileRef = 561A5ABF284F97530094221D /* SceneDelegate.swift */; };
		561A5AC2284F97530094221D /* ViewController.swift in Sources */ = {isa = PBXBuildFile; fileRef = 561A5AC1284F97530094221D /* ViewController.swift */; };
		561A5AC5284F97530094221D /* Main.storyboard in Resources */ = {isa = PBXBuildFile; fileRef = 561A5AC3284F97530094221D /* Main.storyboard */; };
		561A5AC7284F97540094221D /* Assets.xcassets in Resources */ = {isa = PBXBuildFile; fileRef = 561A5AC6284F97540094221D /* Assets.xcassets */; };
		561A5ACA284F97540094221D /* LaunchScreen.storyboard in Resources */ = {isa = PBXBuildFile; fileRef = 561A5AC8284F97540094221D /* LaunchScreen.storyboard */; };
		561A5B1E284FB5FB0094221D /* IOCFramework.framework in Frameworks */ = {isa = PBXBuildFile; fileRef = 561A5B1C284FB5DC0094221D /* IOCFramework.framework */; platformFilter = ios; };
		561A5B1F284FB5FB0094221D /* IOCFramework.framework in Embed Frameworks */ = {isa = PBXBuildFile; fileRef = 561A5B1C284FB5DC0094221D /* IOCFramework.framework */; platformFilter = ios; settings = {ATTRIBUTES = (CodeSignOnCopy, RemoveHeadersOnCopy, ); }; };
/* End PBXBuildFile section */

/* Begin PBXCopyFilesBuildPhase section */
		561A5B1B284FB0280094221D /* Embed Frameworks */ = {
			isa = PBXCopyFilesBuildPhase;
			buildActionMask = 2147483647;
			dstPath = "";
			dstSubfolderSpec = 10;
			files = (
				561A5B1F284FB5FB0094221D /* IOCFramework.framework in Embed Frameworks */,
			);
			name = "Embed Frameworks";
			runOnlyForDeploymentPostprocessing = 0;
		};
/* End PBXCopyFilesBuildPhase section */

/* Begin PBXFileReference section */
		1C4172AFD78863CC19BC6583 /* Pods_iocAppTests.framework */ = {isa = PBXFileReference; explicitFileType = wrapper.framework; includeInIndex = 0; path = Pods_iocAppTests.framework; sourceTree = BUILT_PRODUCTS_DIR; };
		205BDF977865B376C80336D7 /* Pods-iocApp.debug.xcconfig */ = {isa = PBXFileReference; includeInIndex = 1; lastKnownFileType = text.xcconfig; name = "Pods-iocApp.debug.xcconfig"; path = "Target Support Files/Pods-iocApp/Pods-iocApp.debug.xcconfig"; sourceTree = "<group>"; };
		2A5A4EEEFE2815629CE5A74E /* Pods-iocApp.release.xcconfig */ = {isa = PBXFileReference; includeInIndex = 1; lastKnownFileType = text.xcconfig; name = "Pods-iocApp.release.xcconfig"; path = "Target Support Files/Pods-iocApp/Pods-iocApp.release.xcconfig"; sourceTree = "<group>"; };
		2B58981412E20C63B49CECC4 /* Pods_iocApp.framework */ = {isa = PBXFileReference; explicitFileType = wrapper.framework; includeInIndex = 0; path = Pods_iocApp.framework; sourceTree = BUILT_PRODUCTS_DIR; };
		49281F3C60CB4B55863D6D30 /* Pods-iocAppTests.debug.xcconfig */ = {isa = PBXFileReference; includeInIndex = 1; lastKnownFileType = text.xcconfig; name = "Pods-iocAppTests.debug.xcconfig"; path = "Target Support Files/Pods-iocAppTests/Pods-iocAppTests.debug.xcconfig"; sourceTree = "<group>"; };
		561A5ABA284F97530094221D /* iocApp.app */ = {isa = PBXFileReference; explicitFileType = wrapper.application; includeInIndex = 0; path = iocApp.app; sourceTree = BUILT_PRODUCTS_DIR; };
		561A5ABD284F97530094221D /* AppDelegate.swift */ = {isa = PBXFileReference; lastKnownFileType = sourcecode.swift; path = AppDelegate.swift; sourceTree = "<group>"; };
		561A5ABF284F97530094221D /* SceneDelegate.swift */ = {isa = PBXFileReference; lastKnownFileType = sourcecode.swift; path = SceneDelegate.swift; sourceTree = "<group>"; };
		561A5AC1284F97530094221D /* ViewController.swift */ = {isa = PBXFileReference; lastKnownFileType = sourcecode.swift; path = ViewController.swift; sourceTree = "<group>"; };
		561A5AC4284F97530094221D /* Base */ = {isa = PBXFileReference; lastKnownFileType = file.storyboard; name = Base; path = Base.lproj/Main.storyboard; sourceTree = "<group>"; };
		561A5AC6284F97540094221D /* Assets.xcassets */ = {isa = PBXFileReference; lastKnownFileType = folder.assetcatalog; path = Assets.xcassets; sourceTree = "<group>"; };
		561A5AC9284F97540094221D /* Base */ = {isa = PBXFileReference; lastKnownFileType = file.storyboard; name = Base; path = Base.lproj/LaunchScreen.storyboard; sourceTree = "<group>"; };
		561A5ACB284F97540094221D /* Info.plist */ = {isa = PBXFileReference; lastKnownFileType = text.plist.xml; path = Info.plist; sourceTree = "<group>"; };
		561A5B1C284FB5DC0094221D /* IOCFramework.framework */ = {isa = PBXFileReference; lastKnownFileType = wrapper.framework; path = IOCFramework.framework; sourceTree = "<group>"; };
		E9B390502E7CC8D71A671487 /* Pods-iocAppTests.release.xcconfig */ = {isa = PBXFileReference; includeInIndex = 1; lastKnownFileType = text.xcconfig; name = "Pods-iocAppTests.release.xcconfig"; path = "Target Support Files/Pods-iocAppTests/Pods-iocAppTests.release.xcconfig"; sourceTree = "<group>"; };
/* End PBXFileReference section */

/* Begin PBXFrameworksBuildPhase section */
		561A5AB7284F97530094221D /* Frameworks */ = {
			isa = PBXFrameworksBuildPhase;
			buildActionMask = 2147483647;
			files = (
				07BB575F05E5575D4A154296 /* Pods_iocApp.framework in Frameworks */,
				561A5B1E284FB5FB0094221D /* IOCFramework.framework in Frameworks */,
			);
			runOnlyForDeploymentPostprocessing = 0;
		};
/* End PBXFrameworksBuildPhase section */

/* Begin PBXGroup section */
		1B5AB9AC42EF52550056AC9E /* Frameworks */ = {
			isa = PBXGroup;
			children = (
				561A5B1C284FB5DC0094221D /* IOCFramework.framework */,
				2B58981412E20C63B49CECC4 /* Pods_iocApp.framework */,
				1C4172AFD78863CC19BC6583 /* Pods_iocAppTests.framework */,
			);
			name = Frameworks;
			sourceTree = "<group>";
		};
		3AC1EA554BAFCCBFC8070AA3 /* Pods */ = {
			isa = PBXGroup;
			children = (
				205BDF977865B376C80336D7 /* Pods-iocApp.debug.xcconfig */,
				2A5A4EEEFE2815629CE5A74E /* Pods-iocApp.release.xcconfig */,
				49281F3C60CB4B55863D6D30 /* Pods-iocAppTests.debug.xcconfig */,
				E9B390502E7CC8D71A671487 /* Pods-iocAppTests.release.xcconfig */,
			);
			path = Pods;
			sourceTree = "<group>";
		};
		561A5AB1284F97520094221D = {
			isa = PBXGroup;
			children = (
				561A5ABC284F97530094221D /* iocApp */,
				561A5ABB284F97530094221D /* Products */,
				3AC1EA554BAFCCBFC8070AA3 /* Pods */,
				1B5AB9AC42EF52550056AC9E /* Frameworks */,
			);
			sourceTree = "<group>";
		};
		561A5ABB284F97530094221D /* Products */ = {
			isa = PBXGroup;
			children = (
				561A5ABA284F97530094221D /* iocApp.app */,
			);
			name = Products;
			sourceTree = "<group>";
		};
		561A5ABC284F97530094221D /* iocApp */ = {
			isa = PBXGroup;
			children = (
				561A5ABD284F97530094221D /* AppDelegate.swift */,
				561A5ABF284F97530094221D /* SceneDelegate.swift */,
				561A5AC1284F97530094221D /* ViewController.swift */,
				561A5AC3284F97530094221D /* Main.storyboard */,
				561A5AC6284F97540094221D /* Assets.xcassets */,
				561A5AC8284F97540094221D /* LaunchScreen.storyboard */,
				561A5ACB284F97540094221D /* Info.plist */,
			);
			path = iocApp;
			sourceTree = "<group>";
		};
/* End PBXGroup section */

/* Begin PBXNativeTarget section */
		561A5AB9284F97530094221D /* iocApp */ = {
			isa = PBXNativeTarget;
			buildConfigurationList = 561A5AE4284F97550094221D /* Build configuration list for PBXNativeTarget "iocApp" */;
			buildPhases = (
				9C01177BC1FF24D8F1B6715D /* [CP] Check Pods Manifest.lock */,
				561A5AB6284F97530094221D /* Sources */,
				561A5AB7284F97530094221D /* Frameworks */,
				561A5AB8284F97530094221D /* Resources */,
				561A5B1B284FB0280094221D /* Embed Frameworks */,
			);
			buildRules = (
			);
			dependencies = (
			);
			name = iocApp;
			productName = iocApp;
			productReference = 561A5ABA284F97530094221D /* iocApp.app */;
			productType = "com.apple.product-type.application";
		};
/* End PBXNativeTarget section */

/* Begin PBXProject section */
		561A5AB2284F97520094221D /* Project object */ = {
			isa = PBXProject;
			attributes = {
				BuildIndependentTargetsInParallel = 1;
				LastSwiftUpdateCheck = 1300;
				LastUpgradeCheck = 1300;
				TargetAttributes = {
					561A5AB9284F97530094221D = {
						CreatedOnToolsVersion = 13.0;
					};
				};
			};
			buildConfigurationList = 561A5AB5284F97520094221D /* Build configuration list for PBXProject "iocApp" */;
			compatibilityVersion = "Xcode 13.0";
			developmentRegion = en;
			hasScannedForEncodings = 0;
			knownRegions = (
				en,
				Base,
			);
			mainGroup = 561A5AB1284F97520094221D;
			productRefGroup = 561A5ABB284F97530094221D /* Products */;
			projectDirPath = "";
			projectRoot = "";
			targets = (
				561A5AB9284F97530094221D /* iocApp */,
			);
		};
/* End PBXProject section */

/* Begin PBXResourcesBuildPhase section */
		561A5AB8284F97530094221D /* Resources */ = {
			isa = PBXResourcesBuildPhase;
			buildActionMask = 2147483647;
			files = (
				561A5ACA284F97540094221D /* LaunchScreen.storyboard in Resources */,
				561A5AC7284F97540094221D /* Assets.xcassets in Resources */,
				561A5AC5284F97530094221D /* Main.storyboard in Resources */,
			);
			runOnlyForDeploymentPostprocessing = 0;
		};
/* End PBXResourcesBuildPhase section */

/* Begin PBXShellScriptBuildPhase section */
		9C01177BC1FF24D8F1B6715D /* [CP] Check Pods Manifest.lock */ = {
			isa = PBXShellScriptBuildPhase;
			buildActionMask = 2147483647;
			files = (
			);
			inputFileListPaths = (
			);
			inputPaths = (
				"${PODS_PODFILE_DIR_PATH}/Podfile.lock",
				"${PODS_ROOT}/Manifest.lock",
			);
			name = "[CP] Check Pods Manifest.lock";
			outputFileListPaths = (
			);
			outputPaths = (
				"$(DERIVED_FILE_DIR)/Pods-iocApp-checkManifestLockResult.txt",
			);
			runOnlyForDeploymentPostprocessing = 0;
			shellPath = /bin/sh;
			shellScript = "diff \"${PODS_PODFILE_DIR_PATH}/Podfile.lock\" \"${PODS_ROOT}/Manifest.lock\" > /dev/null\nif [ $? != 0 ] ; then\n    # print error to STDERR\n    echo \"error: The sandbox is not in sync with the Podfile.lock. Run 'pod install' or update your CocoaPods installation.\" >&2\n    exit 1\nfi\n# This output is used by Xcode 'outputs' to avoid re-running this script phase.\necho \"SUCCESS\" > \"${SCRIPT_OUTPUT_FILE_0}\"\n";
			showEnvVarsInLog = 0;
		};
/* End PBXShellScriptBuildPhase section */

/* Begin PBXSourcesBuildPhase section */
		561A5AB6284F97530094221D /* Sources */ = {
			isa = PBXSourcesBuildPhase;
			buildActionMask = 2147483647;
			files = (
				561A5AC2284F97530094221D /* ViewController.swift in Sources */,
				561A5ABE284F97530094221D /* AppDelegate.swift in Sources */,
				561A5AC0284F97530094221D /* SceneDelegate.swift in Sources */,
			);
			runOnlyForDeploymentPostprocessing = 0;
		};
/* End PBXSourcesBuildPhase section */

/* Begin PBXVariantGroup section */
		561A5AC3284F97530094221D /* Main.storyboard */ = {
			isa = PBXVariantGroup;
			children = (
				561A5AC4284F97530094221D /* Base */,
			);
			name = Main.storyboard;
			sourceTree = "<group>";
		};
		561A5AC8284F97540094221D /* LaunchScreen.storyboard */ = {
			isa = PBXVariantGroup;
			children = (
				561A5AC9284F97540094221D /* Base */,
			);
			name = LaunchScreen.storyboard;
			sourceTree = "<group>";
		};
/* End PBXVariantGroup section */

/* Begin XCBuildConfiguration section */
		561A5AE2284F97550094221D /* Debug */ = {
			isa = XCBuildConfiguration;
			buildSettings = {
				ALWAYS_SEARCH_USER_PATHS = NO;
				CLANG_ANALYZER_NONNULL = YES;
				CLANG_ANALYZER_NUMBER_OBJECT_CONVERSION = YES_AGGRESSIVE;
				CLANG_CXX_LANGUAGE_STANDARD = "gnu++17";
				CLANG_CXX_LIBRARY = "libc++";
				CLANG_ENABLE_MODULES = YES;
				CLANG_ENABLE_OBJC_ARC = YES;
				CLANG_ENABLE_OBJC_WEAK = YES;
				CLANG_WARN_BLOCK_CAPTURE_AUTORELEASING = YES;
				CLANG_WARN_BOOL_CONVERSION = YES;
				CLANG_WARN_COMMA = YES;
				CLANG_WARN_CONSTANT_CONVERSION = YES;
				CLANG_WARN_DEPRECATED_OBJC_IMPLEMENTATIONS = YES;
				CLANG_WARN_DIRECT_OBJC_ISA_USAGE = YES_ERROR;
				CLANG_WARN_DOCUMENTATION_COMMENTS = YES;
				CLANG_WARN_EMPTY_BODY = YES;
				CLANG_WARN_ENUM_CONVERSION = YES;
				CLANG_WARN_INFINITE_RECURSION = YES;
				CLANG_WARN_INT_CONVERSION = YES;
				CLANG_WARN_NON_LITERAL_NULL_CONVERSION = YES;
				CLANG_WARN_OBJC_IMPLICIT_RETAIN_SELF = YES;
				CLANG_WARN_OBJC_LITERAL_CONVERSION = YES;
				CLANG_WARN_OBJC_ROOT_CLASS = YES_ERROR;
				CLANG_WARN_QUOTED_INCLUDE_IN_FRAMEWORK_HEADER = YES;
				CLANG_WARN_RANGE_LOOP_ANALYSIS = YES;
				CLANG_WARN_STRICT_PROTOTYPES = YES;
				CLANG_WARN_SUSPICIOUS_MOVE = YES;
				CLANG_WARN_UNGUARDED_AVAILABILITY = YES_AGGRESSIVE;
				CLANG_WARN_UNREACHABLE_CODE = YES;
				CLANG_WARN__DUPLICATE_METHOD_MATCH = YES;
				COPY_PHASE_STRIP = NO;
				DEBUG_INFORMATION_FORMAT = dwarf;
				ENABLE_STRICT_OBJC_MSGSEND = YES;
				ENABLE_TESTABILITY = YES;
				GCC_C_LANGUAGE_STANDARD = gnu11;
				GCC_DYNAMIC_NO_PIC = NO;
				GCC_NO_COMMON_BLOCKS = YES;
				GCC_OPTIMIZATION_LEVEL = 0;
				GCC_PREPROCESSOR_DEFINITIONS = (
					"DEBUG=1",
					"$(inherited)",
				);
				GCC_WARN_64_TO_32_BIT_CONVERSION = YES;
				GCC_WARN_ABOUT_RETURN_TYPE = YES_ERROR;
				GCC_WARN_UNDECLARED_SELECTOR = YES;
				GCC_WARN_UNINITIALIZED_AUTOS = YES_AGGRESSIVE;
				GCC_WARN_UNUSED_FUNCTION = YES;
				GCC_WARN_UNUSED_VARIABLE = YES;
				IPHONEOS_DEPLOYMENT_TARGET = 15.0;
				MTL_ENABLE_DEBUG_INFO = INCLUDE_SOURCE;
				MTL_FAST_MATH = YES;
				ONLY_ACTIVE_ARCH = YES;
				SDKROOT = iphoneos;
				SWIFT_ACTIVE_COMPILATION_CONDITIONS = DEBUG;
				SWIFT_OPTIMIZATION_LEVEL = "-Onone";
			};
			name = Debug;
		};
		561A5AE3284F97550094221D /* Release */ = {
			isa = XCBuildConfiguration;
			buildSettings = {
				ALWAYS_SEARCH_USER_PATHS = NO;
				CLANG_ANALYZER_NONNULL = YES;
				CLANG_ANALYZER_NUMBER_OBJECT_CONVERSION = YES_AGGRESSIVE;
				CLANG_CXX_LANGUAGE_STANDARD = "gnu++17";
				CLANG_CXX_LIBRARY = "libc++";
				CLANG_ENABLE_MODULES = YES;
				CLANG_ENABLE_OBJC_ARC = YES;
				CLANG_ENABLE_OBJC_WEAK = YES;
				CLANG_WARN_BLOCK_CAPTURE_AUTORELEASING = YES;
				CLANG_WARN_BOOL_CONVERSION = YES;
				CLANG_WARN_COMMA = YES;
				CLANG_WARN_CONSTANT_CONVERSION = YES;
				CLANG_WARN_DEPRECATED_OBJC_IMPLEMENTATIONS = YES;
				CLANG_WARN_DIRECT_OBJC_ISA_USAGE = YES_ERROR;
				CLANG_WARN_DOCUMENTATION_COMMENTS = YES;
				CLANG_WARN_EMPTY_BODY = YES;
				CLANG_WARN_ENUM_CONVERSION = YES;
				CLANG_WARN_INFINITE_RECURSION = YES;
				CLANG_WARN_INT_CONVERSION = YES;
				CLANG_WARN_NON_LITERAL_NULL_CONVERSION = YES;
				CLANG_WARN_OBJC_IMPLICIT_RETAIN_SELF = YES;
				CLANG_WARN_OBJC_LITERAL_CONVERSION = YES;
				CLANG_WARN_OBJC_ROOT_CLASS = YES_ERROR;
				CLANG_WARN_QUOTED_INCLUDE_IN_FRAMEWORK_HEADER = YES;
				CLANG_WARN_RANGE_LOOP_ANALYSIS = YES;
				CLANG_WARN_STRICT_PROTOTYPES = YES;
				CLANG_WARN_SUSPICIOUS_MOVE = YES;
				CLANG_WARN_UNGUARDED_AVAILABILITY = YES_AGGRESSIVE;
				CLANG_WARN_UNREACHABLE_CODE = YES;
				CLANG_WARN__DUPLICATE_METHOD_MATCH = YES;
				COPY_PHASE_STRIP = NO;
				DEBUG_INFORMATION_FORMAT = "dwarf-with-dsym";
				ENABLE_NS_ASSERTIONS = NO;
				ENABLE_STRICT_OBJC_MSGSEND = YES;
				GCC_C_LANGUAGE_STANDARD = gnu11;
				GCC_NO_COMMON_BLOCKS = YES;
				GCC_WARN_64_TO_32_BIT_CONVERSION = YES;
				GCC_WARN_ABOUT_RETURN_TYPE = YES_ERROR;
				GCC_WARN_UNDECLARED_SELECTOR = YES;
				GCC_WARN_UNINITIALIZED_AUTOS = YES_AGGRESSIVE;
				GCC_WARN_UNUSED_FUNCTION = YES;
				GCC_WARN_UNUSED_VARIABLE = YES;
				IPHONEOS_DEPLOYMENT_TARGET = 15.0;
				MTL_ENABLE_DEBUG_INFO = NO;
				MTL_FAST_MATH = YES;
				SDKROOT = iphoneos;
				SWIFT_COMPILATION_MODE = wholemodule;
				SWIFT_OPTIMIZATION_LEVEL = "-O";
				VALIDATE_PRODUCT = YES;
			};
			name = Release;
		};
		561A5AE5284F97550094221D /* Debug */ = {
			isa = XCBuildConfiguration;
			baseConfigurationReference = 205BDF977865B376C80336D7 /* Pods-iocApp.debug.xcconfig */;
			buildSettings = {
				ASSETCATALOG_COMPILER_APPICON_NAME = AppIcon;
				ASSETCATALOG_COMPILER_GLOBAL_ACCENT_COLOR_NAME = AccentColor;
				CODE_SIGN_STYLE = Automatic;
				CURRENT_PROJECT_VERSION = 1;
				DEVELOPMENT_TEAM = RF4LJPC23U;
				FRAMEWORK_SEARCH_PATHS = (
					"$(inherited)",
					"$(PROJECT_DIR)",
				);
				GENERATE_INFOPLIST_FILE = YES;
				INFOPLIST_FILE = iocApp/Info.plist;
				INFOPLIST_KEY_UIApplicationSupportsIndirectInputEvents = YES;
				INFOPLIST_KEY_UILaunchStoryboardName = LaunchScreen;
				INFOPLIST_KEY_UIMainStoryboardFile = Main;
				INFOPLIST_KEY_UISupportedInterfaceOrientations_iPad = "UIInterfaceOrientationPortrait UIInterfaceOrientationPortraitUpsideDown UIInterfaceOrientationLandscapeLeft UIInterfaceOrientationLandscapeRight";
				INFOPLIST_KEY_UISupportedInterfaceOrientations_iPhone = "UIInterfaceOrientationPortrait UIInterfaceOrientationLandscapeLeft UIInterfaceOrientationLandscapeRight";
				LD_RUNPATH_SEARCH_PATHS = (
					"$(inherited)",
					"@executable_path/Frameworks",
				);
				MARKETING_VERSION = 1.0;
				PRODUCT_BUNDLE_IDENTIFIER = com.samedialabs.iocApp;
				PRODUCT_NAME = "$(TARGET_NAME)";
				SWIFT_EMIT_LOC_STRINGS = YES;
				SWIFT_VERSION = 5.0;
				TARGETED_DEVICE_FAMILY = "1,2";
			};
			name = Debug;
		};
		561A5AE6284F97550094221D /* Release */ = {
			isa = XCBuildConfiguration;
			baseConfigurationReference = 2A5A4EEEFE2815629CE5A74E /* Pods-iocApp.release.xcconfig */;
			buildSettings = {
				ASSETCATALOG_COMPILER_APPICON_NAME = AppIcon;
				ASSETCATALOG_COMPILER_GLOBAL_ACCENT_COLOR_NAME = AccentColor;
				CODE_SIGN_STYLE = Automatic;
				CURRENT_PROJECT_VERSION = 1;
				DEVELOPMENT_TEAM = RF4LJPC23U;
				FRAMEWORK_SEARCH_PATHS = (
					"$(inherited)",
					"$(PROJECT_DIR)",
				);
				GENERATE_INFOPLIST_FILE = YES;
				INFOPLIST_FILE = iocApp/Info.plist;
				INFOPLIST_KEY_UIApplicationSupportsIndirectInputEvents = YES;
				INFOPLIST_KEY_UILaunchStoryboardName = LaunchScreen;
				INFOPLIST_KEY_UIMainStoryboardFile = Main;
				INFOPLIST_KEY_UISupportedInterfaceOrientations_iPad = "UIInterfaceOrientationPortrait UIInterfaceOrientationPortraitUpsideDown UIInterfaceOrientationLandscapeLeft UIInterfaceOrientationLandscapeRight";
				INFOPLIST_KEY_UISupportedInterfaceOrientations_iPhone = "UIInterfaceOrientationPortrait UIInterfaceOrientationLandscapeLeft UIInterfaceOrientationLandscapeRight";
				LD_RUNPATH_SEARCH_PATHS = (
					"$(inherited)",
					"@executable_path/Frameworks",
				);
				MARKETING_VERSION = 1.0;
				PRODUCT_BUNDLE_IDENTIFIER = com.samedialabs.iocApp;
				PRODUCT_NAME = "$(TARGET_NAME)";
				SWIFT_EMIT_LOC_STRINGS = YES;
				SWIFT_VERSION = 5.0;
				TARGETED_DEVICE_FAMILY = "1,2";
			};
			name = Release;
		};
/* End XCBuildConfiguration section */

/* Begin XCConfigurationList section */
		561A5AB5284F97520094221D /* Build configuration list for PBXProject "iocApp" */ = {
			isa = XCConfigurationList;
			buildConfigurations = (
				561A5AE2284F97550094221D /* Debug */,
				561A5AE3284F97550094221D /* Release */,
			);
			defaultConfigurationIsVisible = 0;
			defaultConfigurationName = Release;
		};
		561A5AE4284F97550094221D /* Build configuration list for PBXNativeTarget "iocApp" */ = {
			isa = XCConfigurationList;
			buildConfigurations = (
				561A5AE5284F97550094221D /* Debug */,
				561A5AE6284F97550094221D /* Release */,
			);
			defaultConfigurationIsVisible = 0;
			defaultConfigurationName = Release;
		};
/* End XCConfigurationList section */
	};
	rootObject = 561A5AB2284F97520094221D /* Project object */;
}
